
Microsoft Visual Studio Solution File, Format Version 12.00
# Visual Studio Version 17
VisualStudioVersion = 17.11.35312.102
MinimumVisualStudioVersion = 10.0.40219.1
Project("{FAE04EC0-301F-11D3-BF4B-00C04F79EFBC}") = "sidiWeb", "sidiWeb\sidiWeb.csproj", "{D5EA2766-04ED-4C50-B4E3-A0E677D38CCF}"
EndProject
Global
	GlobalSection(SolutionConfigurationPlatforms) = preSolution
		Debug|Any CPU = Debug|Any CPU
		Release|Any CPU = Release|Any CPU
	EndGlobalSection
	GlobalSection(ProjectConfigurationPlatforms) = postSolution
		{D5EA2766-04ED-4C50-B4E3-A0E677D38CCF}.Debug|Any CPU.ActiveCfg = Debug|Any CPU
		{D5EA2766-04ED-4C50-B4E3-A0E677D38CCF}.Debug|Any CPU.Build.0 = Debug|Any CPU
		{D5EA2766-04ED-4C50-B4E3-A0E677D38CCF}.Release|Any CPU.ActiveCfg = Release|Any CPU
		{D5EA2766-04ED-4C50-B4E3-A0E677D38CCF}.Release|Any CPU.Build.0 = Release|Any CPU
	EndGlobalSection
	GlobalSection(SolutionProperties) = preSolution
		HideSolutionNode = FALSE
	EndGlobalSection
	GlobalSection(ExtensibilityGlobals) = postSolution
		SolutionGuid = {44FD4551-0BCF-48B9-A4B9-BF39DED8D9E8}
	EndGlobalSection
EndGlobal
